
Microsoft Visual Studio Solution File, Format Version 12.00
# Visual Studio Version 17
VisualStudioVersion = 17.9.34728.123
MinimumVisualStudioVersion = 10.0.40219.1
Project("{FAE04EC0-301F-11D3-BF4B-00C04F79EFBC}") = "kompas3d_monitor", "kompas3d_monitor\kompas3d_monitor.csproj", "{1B1E77B5-6DDA-45B3-BECF-83C5A489A90F}"
EndProject
Project("{FAE04EC0-301F-11D3-BF4B-00C04F79EFBC}") = "Model", "Model\Model.csproj", "{5C4C3877-CAA1-492E-BA29-9A4B6B198E4B}"
EndProject
Project("{FAE04EC0-301F-11D3-BF4B-00C04F79EFBC}") = "Kompas", "Kompas\Kompas.csproj", "{B5F4F35C-830B-49AB-9864-8CF1FF1AC338}"
EndProject
Project("{FAE04EC0-301F-11D3-BF4B-00C04F79EFBC}") = "Builder", "Builder\Builder.csproj", "{C3EECBC9-B146-401B-8900-043F4D72BADC}"
EndProject
Project("{FAE04EC0-301F-11D3-BF4B-00C04F79EFBC}") = "UnitTestProject", "UnitTestProject\UnitTestProject.csproj", "{54849470-DBC5-4AD9-80FC-3C23AD798366}"
EndProject
Project("{FAE04EC0-301F-11D3-BF4B-00C04F79EFBC}") = "Perfomance", "Perfomance\Perfomance.csproj", "{4393AA6D-DC7E-4BFC-85FB-FD268A49CBE5}"
EndProject
Global
	GlobalSection(SolutionConfigurationPlatforms) = preSolution
		Debug|Any CPU = Debug|Any CPU
		Release|Any CPU = Release|Any CPU
	EndGlobalSection
	GlobalSection(ProjectConfigurationPlatforms) = postSolution
		{1B1E77B5-6DDA-45B3-BECF-83C5A489A90F}.Debug|Any CPU.ActiveCfg = Debug|Any CPU
		{1B1E77B5-6DDA-45B3-BECF-83C5A489A90F}.Debug|Any CPU.Build.0 = Debug|Any CPU
		{1B1E77B5-6DDA-45B3-BECF-83C5A489A90F}.Release|Any CPU.ActiveCfg = Release|Any CPU
		{1B1E77B5-6DDA-45B3-BECF-83C5A489A90F}.Release|Any CPU.Build.0 = Release|Any CPU
		{5C4C3877-CAA1-492E-BA29-9A4B6B198E4B}.Debug|Any CPU.ActiveCfg = Debug|Any CPU
		{5C4C3877-CAA1-492E-BA29-9A4B6B198E4B}.Debug|Any CPU.Build.0 = Debug|Any CPU
		{5C4C3877-CAA1-492E-BA29-9A4B6B198E4B}.Release|Any CPU.ActiveCfg = Release|Any CPU
		{5C4C3877-CAA1-492E-BA29-9A4B6B198E4B}.Release|Any CPU.Build.0 = Release|Any CPU
		{B5F4F35C-830B-49AB-9864-8CF1FF1AC338}.Debug|Any CPU.ActiveCfg = Debug|Any CPU
		{B5F4F35C-830B-49AB-9864-8CF1FF1AC338}.Debug|Any CPU.Build.0 = Debug|Any CPU
		{B5F4F35C-830B-49AB-9864-8CF1FF1AC338}.Release|Any CPU.ActiveCfg = Release|Any CPU
		{B5F4F35C-830B-49AB-9864-8CF1FF1AC338}.Release|Any CPU.Build.0 = Release|Any CPU
		{C3EECBC9-B146-401B-8900-043F4D72BADC}.Debug|Any CPU.ActiveCfg = Debug|Any CPU
		{C3EECBC9-B146-401B-8900-043F4D72BADC}.Debug|Any CPU.Build.0 = Debug|Any CPU
		{C3EECBC9-B146-401B-8900-043F4D72BADC}.Release|Any CPU.ActiveCfg = Release|Any CPU
		{C3EECBC9-B146-401B-8900-043F4D72BADC}.Release|Any CPU.Build.0 = Release|Any CPU
		{54849470-DBC5-4AD9-80FC-3C23AD798366}.Debug|Any CPU.ActiveCfg = Debug|Any CPU
		{54849470-DBC5-4AD9-80FC-3C23AD798366}.Debug|Any CPU.Build.0 = Debug|Any CPU
		{54849470-DBC5-4AD9-80FC-3C23AD798366}.Release|Any CPU.ActiveCfg = Release|Any CPU
		{54849470-DBC5-4AD9-80FC-3C23AD798366}.Release|Any CPU.Build.0 = Release|Any CPU
		{4393AA6D-DC7E-4BFC-85FB-FD268A49CBE5}.Debug|Any CPU.ActiveCfg = Debug|Any CPU
		{4393AA6D-DC7E-4BFC-85FB-FD268A49CBE5}.Debug|Any CPU.Build.0 = Debug|Any CPU
		{4393AA6D-DC7E-4BFC-85FB-FD268A49CBE5}.Release|Any CPU.ActiveCfg = Release|Any CPU
		{4393AA6D-DC7E-4BFC-85FB-FD268A49CBE5}.Release|Any CPU.Build.0 = Release|Any CPU
	EndGlobalSection
	GlobalSection(SolutionProperties) = preSolution
		HideSolutionNode = FALSE
	EndGlobalSection
	GlobalSection(ExtensibilityGlobals) = postSolution
		SolutionGuid = {3FBB2A20-3355-4347-9F7E-8EC7450F7CEA}
	EndGlobalSection
EndGlobal
